
Microsoft Visual Studio Solution File, Format Version 12.00
# Visual Studio Version 17
VisualStudioVersion = 17.8.34511.84
MinimumVisualStudioVersion = 10.0.40219.1
Project("{FAE04EC0-301F-11D3-BF4B-00C04F79EFBC}") = "InterviewTask.API", "InterviewTask.API\InterviewTask.API.csproj", "{69DAFB89-2295-4E53-9349-28F092AEAE5D}"
EndProject
Global
	GlobalSection(SolutionConfigurationPlatforms) = preSolution
		Debug|Any CPU = Debug|Any CPU
		Release|Any CPU = Release|Any CPU
	EndGlobalSection
	GlobalSection(ProjectConfigurationPlatforms) = postSolution
		{69DAFB89-2295-4E53-9349-28F092AEAE5D}.Debug|Any CPU.ActiveCfg = Debug|Any CPU
		{69DAFB89-2295-4E53-9349-28F092AEAE5D}.Debug|Any CPU.Build.0 = Debug|Any CPU
		{69DAFB89-2295-4E53-9349-28F092AEAE5D}.Release|Any CPU.ActiveCfg = Release|Any CPU
		{69DAFB89-2295-4E53-9349-28F092AEAE5D}.Release|Any CPU.Build.0 = Release|Any CPU
	EndGlobalSection
	GlobalSection(SolutionProperties) = preSolution
		HideSolutionNode = FALSE
	EndGlobalSection
	GlobalSection(ExtensibilityGlobals) = postSolution
		SolutionGuid = {98D29912-930D-42E8-8969-3070B33CCD2A}
	EndGlobalSection
EndGlobal
